
Microsoft Visual Studio Solution File, Format Version 12.00
# Visual Studio Version 17
VisualStudioVersion = 17.12.35527.113 d17.12
MinimumVisualStudioVersion = 10.0.40219.1
Project("{FAE04EC0-301F-11D3-BF4B-00C04F79EFBC}") = "DotNet8.ScalarWebApi", "DotNet8.ScalarWebApi.csproj", "{59D3BCAD-8892-4550-8207-65990BC6C4D5}"
EndProject
Project("{FAE04EC0-301F-11D3-BF4B-00C04F79EFBC}") = "DotNet8.ScalarWebApi.Tests", "DotNet8.ScalarWebApi.Tests\DotNet8.ScalarWebApi.Tests.csproj", "{C6879198-255C-4B12-A889-622FF784AF4E}"
EndProject
Global
	GlobalSection(SolutionConfigurationPlatforms) = preSolution
		Debug|Any CPU = Debug|Any CPU
		Release|Any CPU = Release|Any CPU
	EndGlobalSection
	GlobalSection(ProjectConfigurationPlatforms) = postSolution
		{59D3BCAD-8892-4550-8207-65990BC6C4D5}.Debug|Any CPU.ActiveCfg = Debug|Any CPU
		{59D3BCAD-8892-4550-8207-65990BC6C4D5}.Debug|Any CPU.Build.0 = Debug|Any CPU
		{59D3BCAD-8892-4550-8207-65990BC6C4D5}.Release|Any CPU.ActiveCfg = Release|Any CPU
		{59D3BCAD-8892-4550-8207-65990BC6C4D5}.Release|Any CPU.Build.0 = Release|Any CPU
		{C6879198-255C-4B12-A889-622FF784AF4E}.Debug|Any CPU.ActiveCfg = Debug|Any CPU
		{C6879198-255C-4B12-A889-622FF784AF4E}.Debug|Any CPU.Build.0 = Debug|Any CPU
		{C6879198-255C-4B12-A889-622FF784AF4E}.Release|Any CPU.ActiveCfg = Release|Any CPU
		{C6879198-255C-4B12-A889-622FF784AF4E}.Release|Any CPU.Build.0 = Release|Any CPU
	EndGlobalSection
	GlobalSection(SolutionProperties) = preSolution
		HideSolutionNode = FALSE
	EndGlobalSection
EndGlobal
